// !$*UTF8*$!
{
	archiveVersion = 1;
	classes = {
	};
	objectVersion = 50;
	objects = {

/* Begin PBXBuildFile section */
		F5849A7E231F18F300F1A44C /* AppDelegate.swift in Sources */ = {isa = PBXBuildFile; fileRef = F5849A7D231F18F300F1A44C /* AppDelegate.swift */; };
		F5849A80231F18F300F1A44C /* ViewController.swift in Sources */ = {isa = PBXBuildFile; fileRef = F5849A7F231F18F300F1A44C /* ViewController.swift */; };
		F5849A83231F18F300F1A44C /* Main.storyboard in Resources */ = {isa = PBXBuildFile; fileRef = F5849A81231F18F300F1A44C /* Main.storyboard */; };
		F5849A86231F18F300F1A44C /* ItunesSearch2.xcdatamodeld in Sources */ = {isa = PBXBuildFile; fileRef = F5849A84231F18F300F1A44C /* ItunesSearch2.xcdatamodeld */; };
		F5849A88231F18F500F1A44C /* Assets.xcassets in Resources */ = {isa = PBXBuildFile; fileRef = F5849A87231F18F500F1A44C /* Assets.xcassets */; };
		F5849A8B231F18F500F1A44C /* LaunchScreen.storyboard in Resources */ = {isa = PBXBuildFile; fileRef = F5849A89231F18F500F1A44C /* LaunchScreen.storyboard */; };
		F5849A94231F19BF00F1A44C /* SearchResult.swift in Sources */ = {isa = PBXBuildFile; fileRef = F5849A93231F19BF00F1A44C /* SearchResult.swift */; };
		F5849A96231F1CD500F1A44C /* ResultType.swift in Sources */ = {isa = PBXBuildFile; fileRef = F5849A95231F1CD500F1A44C /* ResultType.swift */; };
		F5849A99231F1DE000F1A44C /* SearchResultController.swift in Sources */ = {isa = PBXBuildFile; fileRef = F5849A98231F1DE000F1A44C /* SearchResultController.swift */; };
/* End PBXBuildFile section */

/* Begin PBXFileReference section */
		F5849A7A231F18F300F1A44C /* ItunesSearch2.app */ = {isa = PBXFileReference; explicitFileType = wrapper.application; includeInIndex = 0; path = ItunesSearch2.app; sourceTree = BUILT_PRODUCTS_DIR; };
		F5849A7D231F18F300F1A44C /* AppDelegate.swift */ = {isa = PBXFileReference; lastKnownFileType = sourcecode.swift; path = AppDelegate.swift; sourceTree = "<group>"; };
		F5849A7F231F18F300F1A44C /* ViewController.swift */ = {isa = PBXFileReference; lastKnownFileType = sourcecode.swift; path = ViewController.swift; sourceTree = "<group>"; };
		F5849A82231F18F300F1A44C /* Base */ = {isa = PBXFileReference; lastKnownFileType = file.storyboard; name = Base; path = Base.lproj/Main.storyboard; sourceTree = "<group>"; };
		F5849A85231F18F300F1A44C /* ItunesSearch2.xcdatamodel */ = {isa = PBXFileReference; lastKnownFileType = wrapper.xcdatamodel; path = ItunesSearch2.xcdatamodel; sourceTree = "<group>"; };
		F5849A87231F18F500F1A44C /* Assets.xcassets */ = {isa = PBXFileReference; lastKnownFileType = folder.assetcatalog; path = Assets.xcassets; sourceTree = "<group>"; };
		F5849A8A231F18F500F1A44C /* Base */ = {isa = PBXFileReference; lastKnownFileType = file.storyboard; name = Base; path = Base.lproj/LaunchScreen.storyboard; sourceTree = "<group>"; };
		F5849A8C231F18F500F1A44C /* Info.plist */ = {isa = PBXFileReference; lastKnownFileType = text.plist.xml; path = Info.plist; sourceTree = "<group>"; };
		F5849A93231F19BF00F1A44C /* SearchResult.swift */ = {isa = PBXFileReference; lastKnownFileType = sourcecode.swift; path = SearchResult.swift; sourceTree = "<group>"; };
		F5849A95231F1CD500F1A44C /* ResultType.swift */ = {isa = PBXFileReference; lastKnownFileType = sourcecode.swift; path = ResultType.swift; sourceTree = "<group>"; };
		F5849A98231F1DE000F1A44C /* SearchResultController.swift */ = {isa = PBXFileReference; lastKnownFileType = sourcecode.swift; path = SearchResultController.swift; sourceTree = "<group>"; };
/* End PBXFileReference section */

/* Begin PBXFrameworksBuildPhase section */
		F5849A77231F18F300F1A44C /* Frameworks */ = {
			isa = PBXFrameworksBuildPhase;
			buildActionMask = 2147483647;
			files = (
			);
			runOnlyForDeploymentPostprocessing = 0;
		};
/* End PBXFrameworksBuildPhase section */

/* Begin PBXGroup section */
		F5849A71231F18F300F1A44C = {
			isa = PBXGroup;
			children = (
				F5849A7C231F18F300F1A44C /* ItunesSearch2 */,
				F5849A7B231F18F300F1A44C /* Products */,
			);
			sourceTree = "<group>";
		};
		F5849A7B231F18F300F1A44C /* Products */ = {
			isa = PBXGroup;
			children = (
				F5849A7A231F18F300F1A44C /* ItunesSearch2.app */,
			);
			name = Products;
			sourceTree = "<group>";
		};
		F5849A7C231F18F300F1A44C /* ItunesSearch2 */ = {
			isa = PBXGroup;
			children = (
				F5849A97231F1DD000F1A44C /* Controller */,
				F5849A92231F19B000F1A44C /* Model */,
				F5849A7D231F18F300F1A44C /* AppDelegate.swift */,
				F5849A7F231F18F300F1A44C /* ViewController.swift */,
				F5849A81231F18F300F1A44C /* Main.storyboard */,
				F5849A87231F18F500F1A44C /* Assets.xcassets */,
				F5849A89231F18F500F1A44C /* LaunchScreen.storyboard */,
				F5849A8C231F18F500F1A44C /* Info.plist */,
				F5849A84231F18F300F1A44C /* ItunesSearch2.xcdatamodeld */,
			);
			path = ItunesSearch2;
			sourceTree = "<group>";
		};
		F5849A92231F19B000F1A44C /* Model */ = {
			isa = PBXGroup;
			children = (
				F5849A93231F19BF00F1A44C /* SearchResult.swift */,
				F5849A95231F1CD500F1A44C /* ResultType.swift */,
			);
			path = Model;
			sourceTree = "<group>";
		};
		F5849A97231F1DD000F1A44C /* Controller */ = {
			isa = PBXGroup;
			children = (
				F5849A98231F1DE000F1A44C /* SearchResultController.swift */,
			);
			path = Controller;
			sourceTree = "<group>";
		};
/* End PBXGroup section */

/* Begin PBXNativeTarget section */
		F5849A79231F18F300F1A44C /* ItunesSearch2 */ = {
			isa = PBXNativeTarget;
			buildConfigurationList = F5849A8F231F18F500F1A44C /* Build configuration list for PBXNativeTarget "ItunesSearch2" */;
			buildPhases = (
				F5849A76231F18F300F1A44C /* Sources */,
				F5849A77231F18F300F1A44C /* Frameworks */,
				F5849A78231F18F300F1A44C /* Resources */,
			);
			buildRules = (
			);
			dependencies = (
			);
			name = ItunesSearch2;
			productName = ItunesSearch2;
			productReference = F5849A7A231F18F300F1A44C /* ItunesSearch2.app */;
			productType = "com.apple.product-type.application";
		};
/* End PBXNativeTarget section */

/* Begin PBXProject section */
		F5849A72231F18F300F1A44C /* Project object */ = {
			isa = PBXProject;
			attributes = {
				LastSwiftUpdateCheck = 1030;
				LastUpgradeCheck = 1030;
				ORGANIZATIONNAME = "Taylor Lyles";
				TargetAttributes = {
					F5849A79231F18F300F1A44C = {
						CreatedOnToolsVersion = 10.3;
					};
				};
			};
			buildConfigurationList = F5849A75231F18F300F1A44C /* Build configuration list for PBXProject "ItunesSearch2" */;
			compatibilityVersion = "Xcode 9.3";
			developmentRegion = en;
			hasScannedForEncodings = 0;
			knownRegions = (
				en,
				Base,
			);
			mainGroup = F5849A71231F18F300F1A44C;
			productRefGroup = F5849A7B231F18F300F1A44C /* Products */;
			projectDirPath = "";
			projectRoot = "";
			targets = (
				F5849A79231F18F300F1A44C /* ItunesSearch2 */,
			);
		};
/* End PBXProject section */

/* Begin PBXResourcesBuildPhase section */
		F5849A78231F18F300F1A44C /* Resources */ = {
			isa = PBXResourcesBuildPhase;
			buildActionMask = 2147483647;
			files = (
				F5849A8B231F18F500F1A44C /* LaunchScreen.storyboard in Resources */,
				F5849A88231F18F500F1A44C /* Assets.xcassets in Resources */,
				F5849A83231F18F300F1A44C /* Main.storyboard in Resources */,
			);
			runOnlyForDeploymentPostprocessing = 0;
		};
/* End PBXResourcesBuildPhase section */

/* Begin PBXSourcesBuildPhase section */
		F5849A76231F18F300F1A44C /* Sources */ = {
			isa = PBXSourcesBuildPhase;
			buildActionMask = 2147483647;
			files = (
				F5849A99231F1DE000F1A44C /* SearchResultController.swift in Sources */,
				F5849A96231F1CD500F1A44C /* ResultType.swift in Sources */,
				F5849A86231F18F300F1A44C /* ItunesSearch2.xcdatamodeld in Sources */,
				F5849A80231F18F300F1A44C /* ViewController.swift in Sources */,
				F5849A94231F19BF00F1A44C /* SearchResult.swift in Sources */,
				F5849A7E231F18F300F1A44C /* AppDelegate.swift in Sources */,
			);
			runOnlyForDeploymentPostprocessing = 0;
		};
/* End PBXSourcesBuildPhase section */

/* Begin PBXVariantGroup section */
		F5849A81231F18F300F1A44C /* Main.storyboard */ = {
			isa = PBXVariantGroup;
			children = (
				F5849A82231F18F300F1A44C /* Base */,
			);
			name = Main.storyboard;
			sourceTree = "<group>";
		};
		F5849A89231F18F500F1A44C /* LaunchScreen.storyboard */ = {
			isa = PBXVariantGroup;
			children = (
				F5849A8A231F18F500F1A44C /* Base */,
			);
			name = LaunchScreen.storyboard;
			sourceTree = "<group>";
		};
/* End PBXVariantGroup section */

/* Begin XCBuildConfiguration section */
		F5849A8D231F18F500F1A44C /* Debug */ = {
			isa = XCBuildConfiguration;
			buildSettings = {
				ALWAYS_SEARCH_USER_PATHS = NO;
				CLANG_ANALYZER_NONNULL = YES;
				CLANG_ANALYZER_NUMBER_OBJECT_CONVERSION = YES_AGGRESSIVE;
				CLANG_CXX_LANGUAGE_STANDARD = "gnu++14";
				CLANG_CXX_LIBRARY = "libc++";
				CLANG_ENABLE_MODULES = YES;
				CLANG_ENABLE_OBJC_ARC = YES;
				CLANG_ENABLE_OBJC_WEAK = YES;
				CLANG_WARN_BLOCK_CAPTURE_AUTORELEASING = YES;
				CLANG_WARN_BOOL_CONVERSION = YES;
				CLANG_WARN_COMMA = YES;
				CLANG_WARN_CONSTANT_CONVERSION = YES;
				CLANG_WARN_DEPRECATED_OBJC_IMPLEMENTATIONS = YES;
				CLANG_WARN_DIRECT_OBJC_ISA_USAGE = YES_ERROR;
				CLANG_WARN_DOCUMENTATION_COMMENTS = YES;
				CLANG_WARN_EMPTY_BODY = YES;
				CLANG_WARN_ENUM_CONVERSION = YES;
				CLANG_WARN_INFINITE_RECURSION = YES;
				CLANG_WARN_INT_CONVERSION = YES;
				CLANG_WARN_NON_LITERAL_NULL_CONVERSION = YES;
				CLANG_WARN_OBJC_IMPLICIT_RETAIN_SELF = YES;
				CLANG_WARN_OBJC_LITERAL_CONVERSION = YES;
				CLANG_WARN_OBJC_ROOT_CLASS = YES_ERROR;
				CLANG_WARN_RANGE_LOOP_ANALYSIS = YES;
				CLANG_WARN_STRICT_PROTOTYPES = YES;
				CLANG_WARN_SUSPICIOUS_MOVE = YES;
				CLANG_WARN_UNGUARDED_AVAILABILITY = YES_AGGRESSIVE;
				CLANG_WARN_UNREACHABLE_CODE = YES;
				CLANG_WARN__DUPLICATE_METHOD_MATCH = YES;
				CODE_SIGN_IDENTITY = "iPhone Developer";
				COPY_PHASE_STRIP = NO;
				DEBUG_INFORMATION_FORMAT = dwarf;
				ENABLE_STRICT_OBJC_MSGSEND = YES;
				ENABLE_TESTABILITY = YES;
				GCC_C_LANGUAGE_STANDARD = gnu11;
				GCC_DYNAMIC_NO_PIC = NO;
				GCC_NO_COMMON_BLOCKS = YES;
				GCC_OPTIMIZATION_LEVEL = 0;
				GCC_PREPROCESSOR_DEFINITIONS = (
					"DEBUG=1",
					"$(inherited)",
				);
				GCC_WARN_64_TO_32_BIT_CONVERSION = YES;
				GCC_WARN_ABOUT_RETURN_TYPE = YES_ERROR;
				GCC_WARN_UNDECLARED_SELECTOR = YES;
				GCC_WARN_UNINITIALIZED_AUTOS = YES_AGGRESSIVE;
				GCC_WARN_UNUSED_FUNCTION = YES;
				GCC_WARN_UNUSED_VARIABLE = YES;
				IPHONEOS_DEPLOYMENT_TARGET = 12.4;
				MTL_ENABLE_DEBUG_INFO = INCLUDE_SOURCE;
				MTL_FAST_MATH = YES;
				ONLY_ACTIVE_ARCH = YES;
				SDKROOT = iphoneos;
				SWIFT_ACTIVE_COMPILATION_CONDITIONS = DEBUG;
				SWIFT_OPTIMIZATION_LEVEL = "-Onone";
			};
			name = Debug;
		};
		F5849A8E231F18F500F1A44C /* Release */ = {
			isa = XCBuildConfiguration;
			buildSettings = {
				ALWAYS_SEARCH_USER_PATHS = NO;
				CLANG_ANALYZER_NONNULL = YES;
				CLANG_ANALYZER_NUMBER_OBJECT_CONVERSION = YES_AGGRESSIVE;
				CLANG_CXX_LANGUAGE_STANDARD = "gnu++14";
				CLANG_CXX_LIBRARY = "libc++";
				CLANG_ENABLE_MODULES = YES;
				CLANG_ENABLE_OBJC_ARC = YES;
				CLANG_ENABLE_OBJC_WEAK = YES;
				CLANG_WARN_BLOCK_CAPTURE_AUTORELEASING = YES;
				CLANG_WARN_BOOL_CONVERSION = YES;
				CLANG_WARN_COMMA = YES;
				CLANG_WARN_CONSTANT_CONVERSION = YES;
				CLANG_WARN_DEPRECATED_OBJC_IMPLEMENTATIONS = YES;
				CLANG_WARN_DIRECT_OBJC_ISA_USAGE = YES_ERROR;
				CLANG_WARN_DOCUMENTATION_COMMENTS = YES;
				CLANG_WARN_EMPTY_BODY = YES;
				CLANG_WARN_ENUM_CONVERSION = YES;
				CLANG_WARN_INFINITE_RECURSION = YES;
				CLANG_WARN_INT_CONVERSION = YES;
				CLANG_WARN_NON_LITERAL_NULL_CONVERSION = YES;
				CLANG_WARN_OBJC_IMPLICIT_RETAIN_SELF = YES;
				CLANG_WARN_OBJC_LITERAL_CONVERSION = YES;
				CLANG_WARN_OBJC_ROOT_CLASS = YES_ERROR;
				CLANG_WARN_RANGE_LOOP_ANALYSIS = YES;
				CLANG_WARN_STRICT_PROTOTYPES = YES;
				CLANG_WARN_SUSPICIOUS_MOVE = YES;
				CLANG_WARN_UNGUARDED_AVAILABILITY = YES_AGGRESSIVE;
				CLANG_WARN_UNREACHABLE_CODE = YES;
				CLANG_WARN__DUPLICATE_METHOD_MATCH = YES;
				CODE_SIGN_IDENTITY = "iPhone Developer";
				COPY_PHASE_STRIP = NO;
				DEBUG_INFORMATION_FORMAT = "dwarf-with-dsym";
				ENABLE_NS_ASSERTIONS = NO;
				ENABLE_STRICT_OBJC_MSGSEND = YES;
				GCC_C_LANGUAGE_STANDARD = gnu11;
				GCC_NO_COMMON_BLOCKS = YES;
				GCC_WARN_64_TO_32_BIT_CONVERSION = YES;
				GCC_WARN_ABOUT_RETURN_TYPE = YES_ERROR;
				GCC_WARN_UNDECLARED_SELECTOR = YES;
				GCC_WARN_UNINITIALIZED_AUTOS = YES_AGGRESSIVE;
				GCC_WARN_UNUSED_FUNCTION = YES;
				GCC_WARN_UNUSED_VARIABLE = YES;
				IPHONEOS_DEPLOYMENT_TARGET = 12.4;
				MTL_ENABLE_DEBUG_INFO = NO;
				MTL_FAST_MATH = YES;
				SDKROOT = iphoneos;
				SWIFT_COMPILATION_MODE = wholemodule;
				SWIFT_OPTIMIZATION_LEVEL = "-O";
				VALIDATE_PRODUCT = YES;
			};
			name = Release;
		};
		F5849A90231F18F500F1A44C /* Debug */ = {
			isa = XCBuildConfiguration;
			buildSettings = {
				ASSETCATALOG_COMPILER_APPICON_NAME = AppIcon;
				CODE_SIGN_STYLE = Automatic;
				DEVELOPMENT_TEAM = FP8VA6LL76;
				INFOPLIST_FILE = ItunesSearch2/Info.plist;
				LD_RUNPATH_SEARCH_PATHS = (
					"$(inherited)",
					"@executable_path/Frameworks",
				);
				PRODUCT_BUNDLE_IDENTIFIER = com.taylorlyles.ItunesSearch2;
				PRODUCT_NAME = "$(TARGET_NAME)";
				SWIFT_VERSION = 5.0;
				TARGETED_DEVICE_FAMILY = "1,2";
			};
			name = Debug;
		};
		F5849A91231F18F500F1A44C /* Release */ = {
			isa = XCBuildConfiguration;
			buildSettings = {
				ASSETCATALOG_COMPILER_APPICON_NAME = AppIcon;
				CODE_SIGN_STYLE = Automatic;
				DEVELOPMENT_TEAM = FP8VA6LL76;
				INFOPLIST_FILE = ItunesSearch2/Info.plist;
				LD_RUNPATH_SEARCH_PATHS = (
					"$(inherited)",
					"@executable_path/Frameworks",
				);
				PRODUCT_BUNDLE_IDENTIFIER = com.taylorlyles.ItunesSearch2;
				PRODUCT_NAME = "$(TARGET_NAME)";
				SWIFT_VERSION = 5.0;
				TARGETED_DEVICE_FAMILY = "1,2";
			};
			name = Release;
		};
/* End XCBuildConfiguration section */

/* Begin XCConfigurationList section */
		F5849A75231F18F300F1A44C /* Build configuration list for PBXProject "ItunesSearch2" */ = {
			isa = XCConfigurationList;
			buildConfigurations = (
				F5849A8D231F18F500F1A44C /* Debug */,
				F5849A8E231F18F500F1A44C /* Release */,
			);
			defaultConfigurationIsVisible = 0;
			defaultConfigurationName = Release;
		};
		F5849A8F231F18F500F1A44C /* Build configuration list for PBXNativeTarget "ItunesSearch2" */ = {
			isa = XCConfigurationList;
			buildConfigurations = (
				F5849A90231F18F500F1A44C /* Debug */,
				F5849A91231F18F500F1A44C /* Release */,
			);
			defaultConfigurationIsVisible = 0;
			defaultConfigurationName = Release;
		};
/* End XCConfigurationList section */

/* Begin XCVersionGroup section */
		F5849A84231F18F300F1A44C /* ItunesSearch2.xcdatamodeld */ = {
			isa = XCVersionGroup;
			children = (
				F5849A85231F18F300F1A44C /* ItunesSearch2.xcdatamodel */,
			);
			currentVersion = F5849A85231F18F300F1A44C /* ItunesSearch2.xcdatamodel */;
			path = ItunesSearch2.xcdatamodeld;
			sourceTree = "<group>";
			versionGroupType = wrapper.xcdatamodel;
		};
/* End XCVersionGroup section */
	};
	rootObject = F5849A72231F18F300F1A44C /* Project object */;
}
